
Microsoft Visual Studio Solution File, Format Version 12.00
# Visual Studio Version 17
VisualStudioVersion = 17.1.32407.343
MinimumVisualStudioVersion = 10.0.40219.1
Project("{FAE04EC0-301F-11D3-BF4B-00C04F79EFBC}") = "JWTAuthFunction", "JWTAuthFunction\JWTAuthFunction.csproj", "{232CBA34-B379-41E7-AE64-9E2BEA9EBE6F}"
EndProject
Global
	GlobalSection(SolutionConfigurationPlatforms) = preSolution
		Debug|Any CPU = Debug|Any CPU
		Release|Any CPU = Release|Any CPU
	EndGlobalSection
	GlobalSection(ProjectConfigurationPlatforms) = postSolution
		{232CBA34-B379-41E7-AE64-9E2BEA9EBE6F}.Debug|Any CPU.ActiveCfg = Debug|Any CPU
		{232CBA34-B379-41E7-AE64-9E2BEA9EBE6F}.Debug|Any CPU.Build.0 = Debug|Any CPU
		{232CBA34-B379-41E7-AE64-9E2BEA9EBE6F}.Release|Any CPU.ActiveCfg = Release|Any CPU
		{232CBA34-B379-41E7-AE64-9E2BEA9EBE6F}.Release|Any CPU.Build.0 = Release|Any CPU
	EndGlobalSection
	GlobalSection(SolutionProperties) = preSolution
		HideSolutionNode = FALSE
	EndGlobalSection
	GlobalSection(ExtensibilityGlobals) = postSolution
		SolutionGuid = {DCCE6FB4-FDD3-4D6B-B354-77CA82E28A72}
	EndGlobalSection
EndGlobal
